
Microsoft Visual Studio Solution File, Format Version 12.00
Project("{FAE04EC0-301F-11D3-BF4B-00C04F79EFBC}") = "OccupancyApp", "OccupancyApp\OccupancyApp.csproj", "{9C2247F9-BD6D-43E3-AE2F-97BBF20576D6}"
EndProject
Global
	GlobalSection(SolutionConfigurationPlatforms) = preSolution
		Debug|Any CPU = Debug|Any CPU
		Release|Any CPU = Release|Any CPU
	EndGlobalSection
	GlobalSection(ProjectConfigurationPlatforms) = postSolution
		{9C2247F9-BD6D-43E3-AE2F-97BBF20576D6}.Debug|Any CPU.ActiveCfg = Debug|Any CPU
		{9C2247F9-BD6D-43E3-AE2F-97BBF20576D6}.Debug|Any CPU.Build.0 = Debug|Any CPU
		{9C2247F9-BD6D-43E3-AE2F-97BBF20576D6}.Release|Any CPU.ActiveCfg = Release|Any CPU
		{9C2247F9-BD6D-43E3-AE2F-97BBF20576D6}.Release|Any CPU.Build.0 = Release|Any CPU
	EndGlobalSection
EndGlobal
